
Microsoft Visual Studio Solution File, Format Version 12.00
# Visual Studio Version 17
VisualStudioVersion = 17.6.33829.357
MinimumVisualStudioVersion = 10.0.40219.1
Project("{9A19103F-16F7-4668-BE54-9A1E7A4F7556}") = "Bulky Web", "Bulky Web\Bulky Web.csproj", "{10FD27EB-D1FE-45A3-AB09-E189CF85F83A}"
EndProject
Project("{FAE04EC0-301F-11D3-BF4B-00C04F79EFBC}") = "Bulky.DataAccess", "Bulky.DataAccess\Bulky.DataAccess.csproj", "{065C9C1C-0A16-4D57-B81F-3B2F60CBD09A}"
EndProject
Project("{FAE04EC0-301F-11D3-BF4B-00C04F79EFBC}") = "Bulky.Models", "Bulky.Models\Bulky.Models.csproj", "{9FA7EC24-EADA-4C83-880C-92A485EA82B6}"
EndProject
Project("{FAE04EC0-301F-11D3-BF4B-00C04F79EFBC}") = "Bulky.Utilites", "Bulky.Utilites\Bulky.Utilites.csproj", "{243288DD-CCA3-4392-8529-AA6DA441441B}"
EndProject
Global
	GlobalSection(SolutionConfigurationPlatforms) = preSolution
		Debug|Any CPU = Debug|Any CPU
		Release|Any CPU = Release|Any CPU
	EndGlobalSection
	GlobalSection(ProjectConfigurationPlatforms) = postSolution
		{10FD27EB-D1FE-45A3-AB09-E189CF85F83A}.Debug|Any CPU.ActiveCfg = Debug|Any CPU
		{10FD27EB-D1FE-45A3-AB09-E189CF85F83A}.Debug|Any CPU.Build.0 = Debug|Any CPU
		{10FD27EB-D1FE-45A3-AB09-E189CF85F83A}.Release|Any CPU.ActiveCfg = Release|Any CPU
		{10FD27EB-D1FE-45A3-AB09-E189CF85F83A}.Release|Any CPU.Build.0 = Release|Any CPU
		{065C9C1C-0A16-4D57-B81F-3B2F60CBD09A}.Debug|Any CPU.ActiveCfg = Debug|Any CPU
		{065C9C1C-0A16-4D57-B81F-3B2F60CBD09A}.Debug|Any CPU.Build.0 = Debug|Any CPU
		{065C9C1C-0A16-4D57-B81F-3B2F60CBD09A}.Release|Any CPU.ActiveCfg = Release|Any CPU
		{065C9C1C-0A16-4D57-B81F-3B2F60CBD09A}.Release|Any CPU.Build.0 = Release|Any CPU
		{9FA7EC24-EADA-4C83-880C-92A485EA82B6}.Debug|Any CPU.ActiveCfg = Debug|Any CPU
		{9FA7EC24-EADA-4C83-880C-92A485EA82B6}.Debug|Any CPU.Build.0 = Debug|Any CPU
		{9FA7EC24-EADA-4C83-880C-92A485EA82B6}.Release|Any CPU.ActiveCfg = Release|Any CPU
		{9FA7EC24-EADA-4C83-880C-92A485EA82B6}.Release|Any CPU.Build.0 = Release|Any CPU
		{243288DD-CCA3-4392-8529-AA6DA441441B}.Debug|Any CPU.ActiveCfg = Debug|Any CPU
		{243288DD-CCA3-4392-8529-AA6DA441441B}.Debug|Any CPU.Build.0 = Debug|Any CPU
		{243288DD-CCA3-4392-8529-AA6DA441441B}.Release|Any CPU.ActiveCfg = Release|Any CPU
		{243288DD-CCA3-4392-8529-AA6DA441441B}.Release|Any CPU.Build.0 = Release|Any CPU
	EndGlobalSection
	GlobalSection(SolutionProperties) = preSolution
		HideSolutionNode = FALSE
	EndGlobalSection
	GlobalSection(ExtensibilityGlobals) = postSolution
		SolutionGuid = {CA59E80C-CFCD-443B-ACA4-4D549139987E}
	EndGlobalSection
EndGlobal
